
Microsoft Visual Studio Solution File, Format Version 12.00
# Visual Studio 14
VisualStudioVersion = 14.0.25123.0
MinimumVisualStudioVersion = 10.0.40219.1
Project("{FAE04EC0-301F-11D3-BF4B-00C04F79EFBC}") = "CommandBlockEditor", "CommandBlockEditor\CommandBlockEditor.csproj", "{85AB1C48-7F04-4BD9-BA06-24CA684DCDF5}"
EndProject
Global
	GlobalSection(SolutionConfigurationPlatforms) = preSolution
		Debug|X86 = Debug|X86
		Release|X86 = Release|X86
	EndGlobalSection
	GlobalSection(ProjectConfigurationPlatforms) = postSolution
		{85AB1C48-7F04-4BD9-BA06-24CA684DCDF5}.Debug|X86.ActiveCfg = Debug|Any CPU
		{85AB1C48-7F04-4BD9-BA06-24CA684DCDF5}.Debug|X86.Build.0 = Debug|Any CPU
		{85AB1C48-7F04-4BD9-BA06-24CA684DCDF5}.Release|X86.ActiveCfg = Release|Any CPU
		{85AB1C48-7F04-4BD9-BA06-24CA684DCDF5}.Release|X86.Build.0 = Release|Any CPU
	EndGlobalSection
	GlobalSection(SolutionProperties) = preSolution
		HideSolutionNode = FALSE
	EndGlobalSection
	GlobalSection(MonoDevelopProperties) = preSolution
		StartupItem = NBTExplorerMac.csproj
	EndGlobalSection
EndGlobal
